
Microsoft Visual Studio Solution File, Format Version 12.00
# Visual Studio 15
VisualStudioVersion = 15.0.26430.13
MinimumVisualStudioVersion = 10.0.40219.1
Project("{FAE04EC0-301F-11D3-BF4B-00C04F79EFBC}") = "DBOracleGenerate", "DBOracleGenerate\DBOracleGenerate.csproj", "{EF92BDD0-69EA-4073-946A-4CF16E398082}"
EndProject
Project("{FAE04EC0-301F-11D3-BF4B-00C04F79EFBC}") = "DBOracleGlobal", "DBOracleGlobal\DBOracleGlobal.csproj", "{27F40146-97E4-4F08-82C5-42316A89D4C6}"
EndProject
Project("{FAE04EC0-301F-11D3-BF4B-00C04F79EFBC}") = "Model", "Model\Model.csproj", "{5FF709E9-9395-44DC-B6E0-2D02E55B6EC1}"
EndProject
Project("{FAE04EC0-301F-11D3-BF4B-00C04F79EFBC}") = "CommonFunction", "CommonFunction\CommonFunction.csproj", "{71A61D67-C593-4C4B-8016-104C77282D8D}"
EndProject
Global
	GlobalSection(SolutionConfigurationPlatforms) = preSolution
		Debug|Any CPU = Debug|Any CPU
		Release|Any CPU = Release|Any CPU
	EndGlobalSection
	GlobalSection(ProjectConfigurationPlatforms) = postSolution
		{EF92BDD0-69EA-4073-946A-4CF16E398082}.Debug|Any CPU.ActiveCfg = Debug|Any CPU
		{EF92BDD0-69EA-4073-946A-4CF16E398082}.Debug|Any CPU.Build.0 = Debug|Any CPU
		{EF92BDD0-69EA-4073-946A-4CF16E398082}.Release|Any CPU.ActiveCfg = Release|Any CPU
		{EF92BDD0-69EA-4073-946A-4CF16E398082}.Release|Any CPU.Build.0 = Release|Any CPU
		{27F40146-97E4-4F08-82C5-42316A89D4C6}.Debug|Any CPU.ActiveCfg = Debug|Any CPU
		{27F40146-97E4-4F08-82C5-42316A89D4C6}.Debug|Any CPU.Build.0 = Debug|Any CPU
		{27F40146-97E4-4F08-82C5-42316A89D4C6}.Release|Any CPU.ActiveCfg = Release|Any CPU
		{27F40146-97E4-4F08-82C5-42316A89D4C6}.Release|Any CPU.Build.0 = Release|Any CPU
		{5FF709E9-9395-44DC-B6E0-2D02E55B6EC1}.Debug|Any CPU.ActiveCfg = Debug|Any CPU
		{5FF709E9-9395-44DC-B6E0-2D02E55B6EC1}.Debug|Any CPU.Build.0 = Debug|Any CPU
		{5FF709E9-9395-44DC-B6E0-2D02E55B6EC1}.Release|Any CPU.ActiveCfg = Release|Any CPU
		{5FF709E9-9395-44DC-B6E0-2D02E55B6EC1}.Release|Any CPU.Build.0 = Release|Any CPU
		{71A61D67-C593-4C4B-8016-104C77282D8D}.Debug|Any CPU.ActiveCfg = Debug|Any CPU
		{71A61D67-C593-4C4B-8016-104C77282D8D}.Debug|Any CPU.Build.0 = Debug|Any CPU
		{71A61D67-C593-4C4B-8016-104C77282D8D}.Release|Any CPU.ActiveCfg = Release|Any CPU
		{71A61D67-C593-4C4B-8016-104C77282D8D}.Release|Any CPU.Build.0 = Release|Any CPU
	EndGlobalSection
	GlobalSection(SolutionProperties) = preSolution
		HideSolutionNode = FALSE
	EndGlobalSection
EndGlobal
